// !$*UTF8*$!
{
	archiveVersion = 1;
	classes = {
	};
	objectVersion = 50;
	objects = {

/* Begin PBXBuildFile section */
		A3C27B0420D0035D007EBF84 /* AppDelegate.swift in Sources */ = {isa = PBXBuildFile; fileRef = A3C27B0320D0035D007EBF84 /* AppDelegate.swift */; };
		A3C27B0620D0035D007EBF84 /* ViewController.swift in Sources */ = {isa = PBXBuildFile; fileRef = A3C27B0520D0035D007EBF84 /* ViewController.swift */; };
		A3C27B0920D0035D007EBF84 /* Main.storyboard in Resources */ = {isa = PBXBuildFile; fileRef = A3C27B0720D0035D007EBF84 /* Main.storyboard */; };
		A3C27B0B20D0035E007EBF84 /* Assets.xcassets in Resources */ = {isa = PBXBuildFile; fileRef = A3C27B0A20D0035E007EBF84 /* Assets.xcassets */; };
		A3C27B0E20D0035E007EBF84 /* LaunchScreen.storyboard in Resources */ = {isa = PBXBuildFile; fileRef = A3C27B0C20D0035E007EBF84 /* LaunchScreen.storyboard */; };
		A3C27B1620D01370007EBF84 /* Models.scnassets in Resources */ = {isa = PBXBuildFile; fileRef = A3C27B1520D01370007EBF84 /* Models.scnassets */; };
/* End PBXBuildFile section */

/* Begin PBXFileReference section */
		A3C27B0020D0035D007EBF84 /* ARKitTest.app */ = {isa = PBXFileReference; explicitFileType = wrapper.application; includeInIndex = 0; path = ARKitTest.app; sourceTree = BUILT_PRODUCTS_DIR; };
		A3C27B0320D0035D007EBF84 /* AppDelegate.swift */ = {isa = PBXFileReference; lastKnownFileType = sourcecode.swift; path = AppDelegate.swift; sourceTree = "<group>"; };
		A3C27B0520D0035D007EBF84 /* ViewController.swift */ = {isa = PBXFileReference; lastKnownFileType = sourcecode.swift; path = ViewController.swift; sourceTree = "<group>"; };
		A3C27B0820D0035D007EBF84 /* Base */ = {isa = PBXFileReference; lastKnownFileType = file.storyboard; name = Base; path = Base.lproj/Main.storyboard; sourceTree = "<group>"; };
		A3C27B0A20D0035E007EBF84 /* Assets.xcassets */ = {isa = PBXFileReference; lastKnownFileType = folder.assetcatalog; path = Assets.xcassets; sourceTree = "<group>"; };
		A3C27B0D20D0035E007EBF84 /* Base */ = {isa = PBXFileReference; lastKnownFileType = file.storyboard; name = Base; path = Base.lproj/LaunchScreen.storyboard; sourceTree = "<group>"; };
		A3C27B0F20D0035E007EBF84 /* Info.plist */ = {isa = PBXFileReference; lastKnownFileType = text.plist.xml; path = Info.plist; sourceTree = "<group>"; };
		A3C27B1520D01370007EBF84 /* Models.scnassets */ = {isa = PBXFileReference; lastKnownFileType = wrapper.scnassets; path = Models.scnassets; sourceTree = "<group>"; };
/* End PBXFileReference section */

/* Begin PBXFrameworksBuildPhase section */
		A3C27AFD20D0035C007EBF84 /* Frameworks */ = {
			isa = PBXFrameworksBuildPhase;
			buildActionMask = 2147483647;
			files = (
			);
			runOnlyForDeploymentPostprocessing = 0;
		};
/* End PBXFrameworksBuildPhase section */

/* Begin PBXGroup section */
		A3C27AF720D0035C007EBF84 = {
			isa = PBXGroup;
			children = (
				A3C27B0220D0035D007EBF84 /* ARKitTest */,
				A3C27B0120D0035D007EBF84 /* Products */,
			);
			sourceTree = "<group>";
		};
		A3C27B0120D0035D007EBF84 /* Products */ = {
			isa = PBXGroup;
			children = (
				A3C27B0020D0035D007EBF84 /* ARKitTest.app */,
			);
			name = Products;
			sourceTree = "<group>";
		};
		A3C27B0220D0035D007EBF84 /* ARKitTest */ = {
			isa = PBXGroup;
			children = (
				A3C27B0320D0035D007EBF84 /* AppDelegate.swift */,
				A3C27B0520D0035D007EBF84 /* ViewController.swift */,
				A3C27B0720D0035D007EBF84 /* Main.storyboard */,
				A3C27B0A20D0035E007EBF84 /* Assets.xcassets */,
				A3C27B1520D01370007EBF84 /* Models.scnassets */,
				A3C27B0C20D0035E007EBF84 /* LaunchScreen.storyboard */,
				A3C27B0F20D0035E007EBF84 /* Info.plist */,
			);
			path = ARKitTest;
			sourceTree = "<group>";
		};
/* End PBXGroup section */

/* Begin PBXNativeTarget section */
		A3C27AFF20D0035C007EBF84 /* ARKitTest */ = {
			isa = PBXNativeTarget;
			buildConfigurationList = A3C27B1220D0035E007EBF84 /* Build configuration list for PBXNativeTarget "ARKitTest" */;
			buildPhases = (
				A3C27AFC20D0035C007EBF84 /* Sources */,
				A3C27AFD20D0035C007EBF84 /* Frameworks */,
				A3C27AFE20D0035C007EBF84 /* Resources */,
			);
			buildRules = (
			);
			dependencies = (
			);
			name = ARKitTest;
			productName = ARKitTest;
			productReference = A3C27B0020D0035D007EBF84 /* ARKitTest.app */;
			productType = "com.apple.product-type.application";
		};
/* End PBXNativeTarget section */

/* Begin PBXProject section */
		A3C27AF820D0035C007EBF84 /* Project object */ = {
			isa = PBXProject;
			attributes = {
				LastSwiftUpdateCheck = 0940;
				LastUpgradeCheck = 0940;
				ORGANIZATIONNAME = Test;
				TargetAttributes = {
					A3C27AFF20D0035C007EBF84 = {
						CreatedOnToolsVersion = 9.4;
					};
				};
			};
			buildConfigurationList = A3C27AFB20D0035C007EBF84 /* Build configuration list for PBXProject "ARKitTest" */;
			compatibilityVersion = "Xcode 9.3";
			developmentRegion = en;
			hasScannedForEncodings = 0;
			knownRegions = (
				en,
				Base,
			);
			mainGroup = A3C27AF720D0035C007EBF84;
			productRefGroup = A3C27B0120D0035D007EBF84 /* Products */;
			projectDirPath = "";
			projectRoot = "";
			targets = (
				A3C27AFF20D0035C007EBF84 /* ARKitTest */,
			);
		};
/* End PBXProject section */

/* Begin PBXResourcesBuildPhase section */
		A3C27AFE20D0035C007EBF84 /* Resources */ = {
			isa = PBXResourcesBuildPhase;
			buildActionMask = 2147483647;
			files = (
				A3C27B0E20D0035E007EBF84 /* LaunchScreen.storyboard in Resources */,
				A3C27B1620D01370007EBF84 /* Models.scnassets in Resources */,
				A3C27B0B20D0035E007EBF84 /* Assets.xcassets in Resources */,
				A3C27B0920D0035D007EBF84 /* Main.storyboard in Resources */,
			);
			runOnlyForDeploymentPostprocessing = 0;
		};
/* End PBXResourcesBuildPhase section */

/* Begin PBXSourcesBuildPhase section */
		A3C27AFC20D0035C007EBF84 /* Sources */ = {
			isa = PBXSourcesBuildPhase;
			buildActionMask = 2147483647;
			files = (
				A3C27B0620D0035D007EBF84 /* ViewController.swift in Sources */,
				A3C27B0420D0035D007EBF84 /* AppDelegate.swift in Sources */,
			);
			runOnlyForDeploymentPostprocessing = 0;
		};
/* End PBXSourcesBuildPhase section */

/* Begin PBXVariantGroup section */
		A3C27B0720D0035D007EBF84 /* Main.storyboard */ = {
			isa = PBXVariantGroup;
			children = (
				A3C27B0820D0035D007EBF84 /* Base */,
			);
			name = Main.storyboard;
			sourceTree = "<group>";
		};
		A3C27B0C20D0035E007EBF84 /* LaunchScreen.storyboard */ = {
			isa = PBXVariantGroup;
			children = (
				A3C27B0D20D0035E007EBF84 /* Base */,
			);
			name = LaunchScreen.storyboard;
			sourceTree = "<group>";
		};
/* End PBXVariantGroup section */

/* Begin XCBuildConfiguration section */
		A3C27B1020D0035E007EBF84 /* Debug */ = {
			isa = XCBuildConfiguration;
			buildSettings = {
				ALWAYS_SEARCH_USER_PATHS = NO;
				CLANG_ANALYZER_NONNULL = YES;
				CLANG_ANALYZER_NUMBER_OBJECT_CONVERSION = YES_AGGRESSIVE;
				CLANG_CXX_LANGUAGE_STANDARD = "gnu++14";
				CLANG_CXX_LIBRARY = "libc++";
				CLANG_ENABLE_MODULES = YES;
				CLANG_ENABLE_OBJC_ARC = YES;
				CLANG_ENABLE_OBJC_WEAK = YES;
				CLANG_WARN_BLOCK_CAPTURE_AUTORELEASING = YES;
				CLANG_WARN_BOOL_CONVERSION = YES;
				CLANG_WARN_COMMA = YES;
				CLANG_WARN_CONSTANT_CONVERSION = YES;
				CLANG_WARN_DEPRECATED_OBJC_IMPLEMENTATIONS = YES;
				CLANG_WARN_DIRECT_OBJC_ISA_USAGE = YES_ERROR;
				CLANG_WARN_DOCUMENTATION_COMMENTS = YES;
				CLANG_WARN_EMPTY_BODY = YES;
				CLANG_WARN_ENUM_CONVERSION = YES;
				CLANG_WARN_INFINITE_RECURSION = YES;
				CLANG_WARN_INT_CONVERSION = YES;
				CLANG_WARN_NON_LITERAL_NULL_CONVERSION = YES;
				CLANG_WARN_OBJC_IMPLICIT_RETAIN_SELF = YES;
				CLANG_WARN_OBJC_LITERAL_CONVERSION = YES;
				CLANG_WARN_OBJC_ROOT_CLASS = YES_ERROR;
				CLANG_WARN_RANGE_LOOP_ANALYSIS = YES;
				CLANG_WARN_STRICT_PROTOTYPES = YES;
				CLANG_WARN_SUSPICIOUS_MOVE = YES;
				CLANG_WARN_UNGUARDED_AVAILABILITY = YES_AGGRESSIVE;
				CLANG_WARN_UNREACHABLE_CODE = YES;
				CLANG_WARN__DUPLICATE_METHOD_MATCH = YES;
				CODE_SIGN_IDENTITY = "iPhone Developer";
				COPY_PHASE_STRIP = NO;
				DEBUG_INFORMATION_FORMAT = dwarf;
				ENABLE_STRICT_OBJC_MSGSEND = YES;
				ENABLE_TESTABILITY = YES;
				GCC_C_LANGUAGE_STANDARD = gnu11;
				GCC_DYNAMIC_NO_PIC = NO;
				GCC_NO_COMMON_BLOCKS = YES;
				GCC_OPTIMIZATION_LEVEL = 0;
				GCC_PREPROCESSOR_DEFINITIONS = (
					"DEBUG=1",
					"$(inherited)",
				);
				GCC_WARN_64_TO_32_BIT_CONVERSION = YES;
				GCC_WARN_ABOUT_RETURN_TYPE = YES_ERROR;
				GCC_WARN_UNDECLARED_SELECTOR = YES;
				GCC_WARN_UNINITIALIZED_AUTOS = YES_AGGRESSIVE;
				GCC_WARN_UNUSED_FUNCTION = YES;
				GCC_WARN_UNUSED_VARIABLE = YES;
				IPHONEOS_DEPLOYMENT_TARGET = 11.4;
				MTL_ENABLE_DEBUG_INFO = YES;
				ONLY_ACTIVE_ARCH = YES;
				SDKROOT = iphoneos;
				SWIFT_ACTIVE_COMPILATION_CONDITIONS = DEBUG;
				SWIFT_OPTIMIZATION_LEVEL = "-Onone";
			};
			name = Debug;
		};
		A3C27B1120D0035E007EBF84 /* Release */ = {
			isa = XCBuildConfiguration;
			buildSettings = {
				ALWAYS_SEARCH_USER_PATHS = NO;
				CLANG_ANALYZER_NONNULL = YES;
				CLANG_ANALYZER_NUMBER_OBJECT_CONVERSION = YES_AGGRESSIVE;
				CLANG_CXX_LANGUAGE_STANDARD = "gnu++14";
				CLANG_CXX_LIBRARY = "libc++";
				CLANG_ENABLE_MODULES = YES;
				CLANG_ENABLE_OBJC_ARC = YES;
				CLANG_ENABLE_OBJC_WEAK = YES;
				CLANG_WARN_BLOCK_CAPTURE_AUTORELEASING = YES;
				CLANG_WARN_BOOL_CONVERSION = YES;
				CLANG_WARN_COMMA = YES;
				CLANG_WARN_CONSTANT_CONVERSION = YES;
				CLANG_WARN_DEPRECATED_OBJC_IMPLEMENTATIONS = YES;
				CLANG_WARN_DIRECT_OBJC_ISA_USAGE = YES_ERROR;
				CLANG_WARN_DOCUMENTATION_COMMENTS = YES;
				CLANG_WARN_EMPTY_BODY = YES;
				CLANG_WARN_ENUM_CONVERSION = YES;
				CLANG_WARN_INFINITE_RECURSION = YES;
				CLANG_WARN_INT_CONVERSION = YES;
				CLANG_WARN_NON_LITERAL_NULL_CONVERSION = YES;
				CLANG_WARN_OBJC_IMPLICIT_RETAIN_SELF = YES;
				CLANG_WARN_OBJC_LITERAL_CONVERSION = YES;
				CLANG_WARN_OBJC_ROOT_CLASS = YES_ERROR;
				CLANG_WARN_RANGE_LOOP_ANALYSIS = YES;
				CLANG_WARN_STRICT_PROTOTYPES = YES;
				CLANG_WARN_SUSPICIOUS_MOVE = YES;
				CLANG_WARN_UNGUARDED_AVAILABILITY = YES_AGGRESSIVE;
				CLANG_WARN_UNREACHABLE_CODE = YES;
				CLANG_WARN__DUPLICATE_METHOD_MATCH = YES;
				CODE_SIGN_IDENTITY = "iPhone Developer";
				COPY_PHASE_STRIP = NO;
				DEBUG_INFORMATION_FORMAT = "dwarf-with-dsym";
				ENABLE_NS_ASSERTIONS = NO;
				ENABLE_STRICT_OBJC_MSGSEND = YES;
				GCC_C_LANGUAGE_STANDARD = gnu11;
				GCC_NO_COMMON_BLOCKS = YES;
				GCC_WARN_64_TO_32_BIT_CONVERSION = YES;
				GCC_WARN_ABOUT_RETURN_TYPE = YES_ERROR;
				GCC_WARN_UNDECLARED_SELECTOR = YES;
				GCC_WARN_UNINITIALIZED_AUTOS = YES_AGGRESSIVE;
				GCC_WARN_UNUSED_FUNCTION = YES;
				GCC_WARN_UNUSED_VARIABLE = YES;
				IPHONEOS_DEPLOYMENT_TARGET = 11.4;
				MTL_ENABLE_DEBUG_INFO = NO;
				SDKROOT = iphoneos;
				SWIFT_COMPILATION_MODE = wholemodule;
				SWIFT_OPTIMIZATION_LEVEL = "-O";
				VALIDATE_PRODUCT = YES;
			};
			name = Release;
		};
		A3C27B1320D0035E007EBF84 /* Debug */ = {
			isa = XCBuildConfiguration;
			buildSettings = {
				ASSETCATALOG_COMPILER_APPICON_NAME = AppIcon;
				CODE_SIGN_STYLE = Automatic;
				DEVELOPMENT_TEAM = K47XFPHWTJ;
				INFOPLIST_FILE = ARKitTest/Info.plist;
				LD_RUNPATH_SEARCH_PATHS = (
					"$(inherited)",
					"@executable_path/Frameworks",
				);
				PRODUCT_BUNDLE_IDENTIFIER = Test.ARKitTest;
				PRODUCT_NAME = "$(TARGET_NAME)";
				SWIFT_VERSION = 4.0;
				TARGETED_DEVICE_FAMILY = "1,2";
			};
			name = Debug;
		};
		A3C27B1420D0035E007EBF84 /* Release */ = {
			isa = XCBuildConfiguration;
			buildSettings = {
				ASSETCATALOG_COMPILER_APPICON_NAME = AppIcon;
				CODE_SIGN_STYLE = Automatic;
				DEVELOPMENT_TEAM = K47XFPHWTJ;
				INFOPLIST_FILE = ARKitTest/Info.plist;
				LD_RUNPATH_SEARCH_PATHS = (
					"$(inherited)",
					"@executable_path/Frameworks",
				);
				PRODUCT_BUNDLE_IDENTIFIER = Test.ARKitTest;
				PRODUCT_NAME = "$(TARGET_NAME)";
				SWIFT_VERSION = 4.0;
				TARGETED_DEVICE_FAMILY = "1,2";
			};
			name = Release;
		};
/* End XCBuildConfiguration section */

/* Begin XCConfigurationList section */
		A3C27AFB20D0035C007EBF84 /* Build configuration list for PBXProject "ARKitTest" */ = {
			isa = XCConfigurationList;
			buildConfigurations = (
				A3C27B1020D0035E007EBF84 /* Debug */,
				A3C27B1120D0035E007EBF84 /* Release */,
			);
			defaultConfigurationIsVisible = 0;
			defaultConfigurationName = Release;
		};
		A3C27B1220D0035E007EBF84 /* Build configuration list for PBXNativeTarget "ARKitTest" */ = {
			isa = XCConfigurationList;
			buildConfigurations = (
				A3C27B1320D0035E007EBF84 /* Debug */,
				A3C27B1420D0035E007EBF84 /* Release */,
			);
			defaultConfigurationIsVisible = 0;
			defaultConfigurationName = Release;
		};
/* End XCConfigurationList section */
	};
	rootObject = A3C27AF820D0035C007EBF84 /* Project object */;
}
